// !$*UTF8*$!
{
	archiveVersion = 1;
	classes = {
	};
	objectVersion = 50;
	objects = {

/* Begin PBXBuildFile section */
		C1821C78218D24E100283758 /* AppDelegate.swift in Sources */ = {isa = PBXBuildFile; fileRef = C1821C77218D24E100283758 /* AppDelegate.swift */; };
		C1821C7A218D24E100283758 /* ViewController.swift in Sources */ = {isa = PBXBuildFile; fileRef = C1821C79218D24E100283758 /* ViewController.swift */; };
		C1821C7D218D24E100283758 /* Main.storyboard in Resources */ = {isa = PBXBuildFile; fileRef = C1821C7B218D24E100283758 /* Main.storyboard */; };
		C1821C7F218D24E300283758 /* Assets.xcassets in Resources */ = {isa = PBXBuildFile; fileRef = C1821C7E218D24E300283758 /* Assets.xcassets */; };
		C1821C82218D24E300283758 /* LaunchScreen.storyboard in Resources */ = {isa = PBXBuildFile; fileRef = C1821C80218D24E300283758 /* LaunchScreen.storyboard */; };
		C1821C8D218D24E300283758 /* computer1103Tests.swift in Sources */ = {isa = PBXBuildFile; fileRef = C1821C8C218D24E300283758 /* computer1103Tests.swift */; };
		C1821C98218D24E300283758 /* computer1103UITests.swift in Sources */ = {isa = PBXBuildFile; fileRef = C1821C97218D24E300283758 /* computer1103UITests.swift */; };
/* End PBXBuildFile section */

/* Begin PBXContainerItemProxy section */
		C1821C89218D24E300283758 /* PBXContainerItemProxy */ = {
			isa = PBXContainerItemProxy;
			containerPortal = C1821C6C218D24E100283758 /* Project object */;
			proxyType = 1;
			remoteGlobalIDString = C1821C73218D24E100283758;
			remoteInfo = computer1103;
		};
		C1821C94218D24E300283758 /* PBXContainerItemProxy */ = {
			isa = PBXContainerItemProxy;
			containerPortal = C1821C6C218D24E100283758 /* Project object */;
			proxyType = 1;
			remoteGlobalIDString = C1821C73218D24E100283758;
			remoteInfo = computer1103;
		};
/* End PBXContainerItemProxy section */

/* Begin PBXFileReference section */
		C1821C74218D24E100283758 /* computer1103.app */ = {isa = PBXFileReference; explicitFileType = wrapper.application; includeInIndex = 0; path = computer1103.app; sourceTree = BUILT_PRODUCTS_DIR; };
		C1821C77218D24E100283758 /* AppDelegate.swift */ = {isa = PBXFileReference; lastKnownFileType = sourcecode.swift; path = AppDelegate.swift; sourceTree = "<group>"; };
		C1821C79218D24E100283758 /* ViewController.swift */ = {isa = PBXFileReference; lastKnownFileType = sourcecode.swift; path = ViewController.swift; sourceTree = "<group>"; };
		C1821C7C218D24E100283758 /* Base */ = {isa = PBXFileReference; lastKnownFileType = file.storyboard; name = Base; path = Base.lproj/Main.storyboard; sourceTree = "<group>"; };
		C1821C7E218D24E300283758 /* Assets.xcassets */ = {isa = PBXFileReference; lastKnownFileType = folder.assetcatalog; path = Assets.xcassets; sourceTree = "<group>"; };
		C1821C81218D24E300283758 /* Base */ = {isa = PBXFileReference; lastKnownFileType = file.storyboard; name = Base; path = Base.lproj/LaunchScreen.storyboard; sourceTree = "<group>"; };
		C1821C83218D24E300283758 /* Info.plist */ = {isa = PBXFileReference; lastKnownFileType = text.plist.xml; path = Info.plist; sourceTree = "<group>"; };
		C1821C88218D24E300283758 /* computer1103Tests.xctest */ = {isa = PBXFileReference; explicitFileType = wrapper.cfbundle; includeInIndex = 0; path = computer1103Tests.xctest; sourceTree = BUILT_PRODUCTS_DIR; };
		C1821C8C218D24E300283758 /* computer1103Tests.swift */ = {isa = PBXFileReference; lastKnownFileType = sourcecode.swift; path = computer1103Tests.swift; sourceTree = "<group>"; };
		C1821C8E218D24E300283758 /* Info.plist */ = {isa = PBXFileReference; lastKnownFileType = text.plist.xml; path = Info.plist; sourceTree = "<group>"; };
		C1821C93218D24E300283758 /* computer1103UITests.xctest */ = {isa = PBXFileReference; explicitFileType = wrapper.cfbundle; includeInIndex = 0; path = computer1103UITests.xctest; sourceTree = BUILT_PRODUCTS_DIR; };
		C1821C97218D24E300283758 /* computer1103UITests.swift */ = {isa = PBXFileReference; lastKnownFileType = sourcecode.swift; path = computer1103UITests.swift; sourceTree = "<group>"; };
		C1821C99218D24E300283758 /* Info.plist */ = {isa = PBXFileReference; lastKnownFileType = text.plist.xml; path = Info.plist; sourceTree = "<group>"; };
/* End PBXFileReference section */

/* Begin PBXFrameworksBuildPhase section */
		C1821C71218D24E100283758 /* Frameworks */ = {
			isa = PBXFrameworksBuildPhase;
			buildActionMask = 2147483647;
			files = (
			);
			runOnlyForDeploymentPostprocessing = 0;
		};
		C1821C85218D24E300283758 /* Frameworks */ = {
			isa = PBXFrameworksBuildPhase;
			buildActionMask = 2147483647;
			files = (
			);
			runOnlyForDeploymentPostprocessing = 0;
		};
		C1821C90218D24E300283758 /* Frameworks */ = {
			isa = PBXFrameworksBuildPhase;
			buildActionMask = 2147483647;
			files = (
			);
			runOnlyForDeploymentPostprocessing = 0;
		};
/* End PBXFrameworksBuildPhase section */

/* Begin PBXGroup section */
		C1821C6B218D24E100283758 = {
			isa = PBXGroup;
			children = (
				C1821C76218D24E100283758 /* computer1103 */,
				C1821C8B218D24E300283758 /* computer1103Tests */,
				C1821C96218D24E300283758 /* computer1103UITests */,
				C1821C75218D24E100283758 /* Products */,
			);
			sourceTree = "<group>";
		};
		C1821C75218D24E100283758 /* Products */ = {
			isa = PBXGroup;
			children = (
				C1821C74218D24E100283758 /* computer1103.app */,
				C1821C88218D24E300283758 /* computer1103Tests.xctest */,
				C1821C93218D24E300283758 /* computer1103UITests.xctest */,
			);
			name = Products;
			sourceTree = "<group>";
		};
		C1821C76218D24E100283758 /* computer1103 */ = {
			isa = PBXGroup;
			children = (
				C1821C77218D24E100283758 /* AppDelegate.swift */,
				C1821C79218D24E100283758 /* ViewController.swift */,
				C1821C7B218D24E100283758 /* Main.storyboard */,
				C1821C7E218D24E300283758 /* Assets.xcassets */,
				C1821C80218D24E300283758 /* LaunchScreen.storyboard */,
				C1821C83218D24E300283758 /* Info.plist */,
			);
			path = computer1103;
			sourceTree = "<group>";
		};
		C1821C8B218D24E300283758 /* computer1103Tests */ = {
			isa = PBXGroup;
			children = (
				C1821C8C218D24E300283758 /* computer1103Tests.swift */,
				C1821C8E218D24E300283758 /* Info.plist */,
			);
			path = computer1103Tests;
			sourceTree = "<group>";
		};
		C1821C96218D24E300283758 /* computer1103UITests */ = {
			isa = PBXGroup;
			children = (
				C1821C97218D24E300283758 /* computer1103UITests.swift */,
				C1821C99218D24E300283758 /* Info.plist */,
			);
			path = computer1103UITests;
			sourceTree = "<group>";
		};
/* End PBXGroup section */

/* Begin PBXNativeTarget section */
		C1821C73218D24E100283758 /* computer1103 */ = {
			isa = PBXNativeTarget;
			buildConfigurationList = C1821C9C218D24E300283758 /* Build configuration list for PBXNativeTarget "computer1103" */;
			buildPhases = (
				C1821C70218D24E100283758 /* Sources */,
				C1821C71218D24E100283758 /* Frameworks */,
				C1821C72218D24E100283758 /* Resources */,
			);
			buildRules = (
			);
			dependencies = (
			);
			name = computer1103;
			productName = computer1103;
			productReference = C1821C74218D24E100283758 /* computer1103.app */;
			productType = "com.apple.product-type.application";
		};
		C1821C87218D24E300283758 /* computer1103Tests */ = {
			isa = PBXNativeTarget;
			buildConfigurationList = C1821C9F218D24E300283758 /* Build configuration list for PBXNativeTarget "computer1103Tests" */;
			buildPhases = (
				C1821C84218D24E300283758 /* Sources */,
				C1821C85218D24E300283758 /* Frameworks */,
				C1821C86218D24E300283758 /* Resources */,
			);
			buildRules = (
			);
			dependencies = (
				C1821C8A218D24E300283758 /* PBXTargetDependency */,
			);
			name = computer1103Tests;
			productName = computer1103Tests;
			productReference = C1821C88218D24E300283758 /* computer1103Tests.xctest */;
			productType = "com.apple.product-type.bundle.unit-test";
		};
		C1821C92218D24E300283758 /* computer1103UITests */ = {
			isa = PBXNativeTarget;
			buildConfigurationList = C1821CA2218D24E300283758 /* Build configuration list for PBXNativeTarget "computer1103UITests" */;
			buildPhases = (
				C1821C8F218D24E300283758 /* Sources */,
				C1821C90218D24E300283758 /* Frameworks */,
				C1821C91218D24E300283758 /* Resources */,
			);
			buildRules = (
			);
			dependencies = (
				C1821C95218D24E300283758 /* PBXTargetDependency */,
			);
			name = computer1103UITests;
			productName = computer1103UITests;
			productReference = C1821C93218D24E300283758 /* computer1103UITests.xctest */;
			productType = "com.apple.product-type.bundle.ui-testing";
		};
/* End PBXNativeTarget section */

/* Begin PBXProject section */
		C1821C6C218D24E100283758 /* Project object */ = {
			isa = PBXProject;
			attributes = {
				LastSwiftUpdateCheck = 1010;
				LastUpgradeCheck = 1010;
				ORGANIZATIONNAME = ss20171103190;
				TargetAttributes = {
					C1821C73218D24E100283758 = {
						CreatedOnToolsVersion = 10.1;
					};
					C1821C87218D24E300283758 = {
						CreatedOnToolsVersion = 10.1;
						TestTargetID = C1821C73218D24E100283758;
					};
					C1821C92218D24E300283758 = {
						CreatedOnToolsVersion = 10.1;
						TestTargetID = C1821C73218D24E100283758;
					};
				};
			};
			buildConfigurationList = C1821C6F218D24E100283758 /* Build configuration list for PBXProject "computer1103" */;
			compatibilityVersion = "Xcode 9.3";
			developmentRegion = en;
			hasScannedForEncodings = 0;
			knownRegions = (
				en,
				Base,
			);
			mainGroup = C1821C6B218D24E100283758;
			productRefGroup = C1821C75218D24E100283758 /* Products */;
			projectDirPath = "";
			projectRoot = "";
			targets = (
				C1821C73218D24E100283758 /* computer1103 */,
				C1821C87218D24E300283758 /* computer1103Tests */,
				C1821C92218D24E300283758 /* computer1103UITests */,
			);
		};
/* End PBXProject section */

/* Begin PBXResourcesBuildPhase section */
		C1821C72218D24E100283758 /* Resources */ = {
			isa = PBXResourcesBuildPhase;
			buildActionMask = 2147483647;
			files = (
				C1821C82218D24E300283758 /* LaunchScreen.storyboard in Resources */,
				C1821C7F218D24E300283758 /* Assets.xcassets in Resources */,
				C1821C7D218D24E100283758 /* Main.storyboard in Resources */,
			);
			runOnlyForDeploymentPostprocessing = 0;
		};
		C1821C86218D24E300283758 /* Resources */ = {
			isa = PBXResourcesBuildPhase;
			buildActionMask = 2147483647;
			files = (
			);
			runOnlyForDeploymentPostprocessing = 0;
		};
		C1821C91218D24E300283758 /* Resources */ = {
			isa = PBXResourcesBuildPhase;
			buildActionMask = 2147483647;
			files = (
			);
			runOnlyForDeploymentPostprocessing = 0;
		};
/* End PBXResourcesBuildPhase section */

/* Begin PBXSourcesBuildPhase section */
		C1821C70218D24E100283758 /* Sources */ = {
			isa = PBXSourcesBuildPhase;
			buildActionMask = 2147483647;
			files = (
				C1821C7A218D24E100283758 /* ViewController.swift in Sources */,
				C1821C78218D24E100283758 /* AppDelegate.swift in Sources */,
			);
			runOnlyForDeploymentPostprocessing = 0;
		};
		C1821C84218D24E300283758 /* Sources */ = {
			isa = PBXSourcesBuildPhase;
			buildActionMask = 2147483647;
			files = (
				C1821C8D218D24E300283758 /* computer1103Tests.swift in Sources */,
			);
			runOnlyForDeploymentPostprocessing = 0;
		};
		C1821C8F218D24E300283758 /* Sources */ = {
			isa = PBXSourcesBuildPhase;
			buildActionMask = 2147483647;
			files = (
				C1821C98218D24E300283758 /* computer1103UITests.swift in Sources */,
			);
			runOnlyForDeploymentPostprocessing = 0;
		};
/* End PBXSourcesBuildPhase section */

/* Begin PBXTargetDependency section */
		C1821C8A218D24E300283758 /* PBXTargetDependency */ = {
			isa = PBXTargetDependency;
			target = C1821C73218D24E100283758 /* computer1103 */;
			targetProxy = C1821C89218D24E300283758 /* PBXContainerItemProxy */;
		};
		C1821C95218D24E300283758 /* PBXTargetDependency */ = {
			isa = PBXTargetDependency;
			target = C1821C73218D24E100283758 /* computer1103 */;
			targetProxy = C1821C94218D24E300283758 /* PBXContainerItemProxy */;
		};
/* End PBXTargetDependency section */

/* Begin PBXVariantGroup section */
		C1821C7B218D24E100283758 /* Main.storyboard */ = {
			isa = PBXVariantGroup;
			children = (
				C1821C7C218D24E100283758 /* Base */,
			);
			name = Main.storyboard;
			sourceTree = "<group>";
		};
		C1821C80218D24E300283758 /* LaunchScreen.storyboard */ = {
			isa = PBXVariantGroup;
			children = (
				C1821C81218D24E300283758 /* Base */,
			);
			name = LaunchScreen.storyboard;
			sourceTree = "<group>";
		};
/* End PBXVariantGroup section */

/* Begin XCBuildConfiguration section */
		C1821C9A218D24E300283758 /* Debug */ = {
			isa = XCBuildConfiguration;
			buildSettings = {
				ALWAYS_SEARCH_USER_PATHS = NO;
				CLANG_ANALYZER_NONNULL = YES;
				CLANG_ANALYZER_NUMBER_OBJECT_CONVERSION = YES_AGGRESSIVE;
				CLANG_CXX_LANGUAGE_STANDARD = "gnu++14";
				CLANG_CXX_LIBRARY = "libc++";
				CLANG_ENABLE_MODULES = YES;
				CLANG_ENABLE_OBJC_ARC = YES;
				CLANG_ENABLE_OBJC_WEAK = YES;
				CLANG_WARN_BLOCK_CAPTURE_AUTORELEASING = YES;
				CLANG_WARN_BOOL_CONVERSION = YES;
				CLANG_WARN_COMMA = YES;
				CLANG_WARN_CONSTANT_CONVERSION = YES;
				CLANG_WARN_DEPRECATED_OBJC_IMPLEMENTATIONS = YES;
				CLANG_WARN_DIRECT_OBJC_ISA_USAGE = YES_ERROR;
				CLANG_WARN_DOCUMENTATION_COMMENTS = YES;
				CLANG_WARN_EMPTY_BODY = YES;
				CLANG_WARN_ENUM_CONVERSION = YES;
				CLANG_WARN_INFINITE_RECURSION = YES;
				CLANG_WARN_INT_CONVERSION = YES;
				CLANG_WARN_NON_LITERAL_NULL_CONVERSION = YES;
				CLANG_WARN_OBJC_IMPLICIT_RETAIN_SELF = YES;
				CLANG_WARN_OBJC_LITERAL_CONVERSION = YES;
				CLANG_WARN_OBJC_ROOT_CLASS = YES_ERROR;
				CLANG_WARN_RANGE_LOOP_ANALYSIS = YES;
				CLANG_WARN_STRICT_PROTOTYPES = YES;
				CLANG_WARN_SUSPICIOUS_MOVE = YES;
				CLANG_WARN_UNGUARDED_AVAILABILITY = YES_AGGRESSIVE;
				CLANG_WARN_UNREACHABLE_CODE = YES;
				CLANG_WARN__DUPLICATE_METHOD_MATCH = YES;
				CODE_SIGN_IDENTITY = "iPhone Developer";
				COPY_PHASE_STRIP = NO;
				DEBUG_INFORMATION_FORMAT = dwarf;
				ENABLE_STRICT_OBJC_MSGSEND = YES;
				ENABLE_TESTABILITY = YES;
				GCC_C_LANGUAGE_STANDARD = gnu11;
				GCC_DYNAMIC_NO_PIC = NO;
				GCC_NO_COMMON_BLOCKS = YES;
				GCC_OPTIMIZATION_LEVEL = 0;
				GCC_PREPROCESSOR_DEFINITIONS = (
					"DEBUG=1",
					"$(inherited)",
				);
				GCC_WARN_64_TO_32_BIT_CONVERSION = YES;
				GCC_WARN_ABOUT_RETURN_TYPE = YES_ERROR;
				GCC_WARN_UNDECLARED_SELECTOR = YES;
				GCC_WARN_UNINITIALIZED_AUTOS = YES_AGGRESSIVE;
				GCC_WARN_UNUSED_FUNCTION = YES;
				GCC_WARN_UNUSED_VARIABLE = YES;
				IPHONEOS_DEPLOYMENT_TARGET = 12.1;
				MTL_ENABLE_DEBUG_INFO = INCLUDE_SOURCE;
				MTL_FAST_MATH = YES;
				ONLY_ACTIVE_ARCH = YES;
				SDKROOT = iphoneos;
				SWIFT_ACTIVE_COMPILATION_CONDITIONS = DEBUG;
				SWIFT_OPTIMIZATION_LEVEL = "-Onone";
			};
			name = Debug;
		};
		C1821C9B218D24E300283758 /* Release */ = {
			isa = XCBuildConfiguration;
			buildSettings = {
				ALWAYS_SEARCH_USER_PATHS = NO;
				CLANG_ANALYZER_NONNULL = YES;
				CLANG_ANALYZER_NUMBER_OBJECT_CONVERSION = YES_AGGRESSIVE;
				CLANG_CXX_LANGUAGE_STANDARD = "gnu++14";
				CLANG_CXX_LIBRARY = "libc++";
				CLANG_ENABLE_MODULES = YES;
				CLANG_ENABLE_OBJC_ARC = YES;
				CLANG_ENABLE_OBJC_WEAK = YES;
				CLANG_WARN_BLOCK_CAPTURE_AUTORELEASING = YES;
				CLANG_WARN_BOOL_CONVERSION = YES;
				CLANG_WARN_COMMA = YES;
				CLANG_WARN_CONSTANT_CONVERSION = YES;
				CLANG_WARN_DEPRECATED_OBJC_IMPLEMENTATIONS = YES;
				CLANG_WARN_DIRECT_OBJC_ISA_USAGE = YES_ERROR;
				CLANG_WARN_DOCUMENTATION_COMMENTS = YES;
				CLANG_WARN_EMPTY_BODY = YES;
				CLANG_WARN_ENUM_CONVERSION = YES;
				CLANG_WARN_INFINITE_RECURSION = YES;
				CLANG_WARN_INT_CONVERSION = YES;
				CLANG_WARN_NON_LITERAL_NULL_CONVERSION = YES;
				CLANG_WARN_OBJC_IMPLICIT_RETAIN_SELF = YES;
				CLANG_WARN_OBJC_LITERAL_CONVERSION = YES;
				CLANG_WARN_OBJC_ROOT_CLASS = YES_ERROR;
				CLANG_WARN_RANGE_LOOP_ANALYSIS = YES;
				CLANG_WARN_STRICT_PROTOTYPES = YES;
				CLANG_WARN_SUSPICIOUS_MOVE = YES;
				CLANG_WARN_UNGUARDED_AVAILABILITY = YES_AGGRESSIVE;
				CLANG_WARN_UNREACHABLE_CODE = YES;
				CLANG_WARN__DUPLICATE_METHOD_MATCH = YES;
				CODE_SIGN_IDENTITY = "iPhone Developer";
				COPY_PHASE_STRIP = NO;
				DEBUG_INFORMATION_FORMAT = "dwarf-with-dsym";
				ENABLE_NS_ASSERTIONS = NO;
				ENABLE_STRICT_OBJC_MSGSEND = YES;
				GCC_C_LANGUAGE_STANDARD = gnu11;
				GCC_NO_COMMON_BLOCKS = YES;
				GCC_WARN_64_TO_32_BIT_CONVERSION = YES;
				GCC_WARN_ABOUT_RETURN_TYPE = YES_ERROR;
				GCC_WARN_UNDECLARED_SELECTOR = YES;
				GCC_WARN_UNINITIALIZED_AUTOS = YES_AGGRESSIVE;
				GCC_WARN_UNUSED_FUNCTION = YES;
				GCC_WARN_UNUSED_VARIABLE = YES;
				IPHONEOS_DEPLOYMENT_TARGET = 12.1;
				MTL_ENABLE_DEBUG_INFO = NO;
				MTL_FAST_MATH = YES;
				SDKROOT = iphoneos;
				SWIFT_COMPILATION_MODE = wholemodule;
				SWIFT_OPTIMIZATION_LEVEL = "-O";
				VALIDATE_PRODUCT = YES;
			};
			name = Release;
		};
		C1821C9D218D24E300283758 /* Debug */ = {
			isa = XCBuildConfiguration;
			buildSettings = {
				ASSETCATALOG_COMPILER_APPICON_NAME = AppIcon;
				CODE_SIGN_STYLE = Automatic;
				INFOPLIST_FILE = computer1103/Info.plist;
				LD_RUNPATH_SEARCH_PATHS = (
					"$(inherited)",
					"@executable_path/Frameworks",
				);
				PRODUCT_BUNDLE_IDENTIFIER = zdb.computer1103;
				PRODUCT_NAME = "$(TARGET_NAME)";
				SWIFT_VERSION = 4.2;
				TARGETED_DEVICE_FAMILY = "1,2";
			};
			name = Debug;
		};
		C1821C9E218D24E300283758 /* Release */ = {
			isa = XCBuildConfiguration;
			buildSettings = {
				ASSETCATALOG_COMPILER_APPICON_NAME = AppIcon;
				CODE_SIGN_STYLE = Automatic;
				INFOPLIST_FILE = computer1103/Info.plist;
				LD_RUNPATH_SEARCH_PATHS = (
					"$(inherited)",
					"@executable_path/Frameworks",
				);
				PRODUCT_BUNDLE_IDENTIFIER = zdb.computer1103;
				PRODUCT_NAME = "$(TARGET_NAME)";
				SWIFT_VERSION = 4.2;
				TARGETED_DEVICE_FAMILY = "1,2";
			};
			name = Release;
		};
		C1821CA0218D24E300283758 /* Debug */ = {
			isa = XCBuildConfiguration;
			buildSettings = {
				ALWAYS_EMBED_SWIFT_STANDARD_LIBRARIES = YES;
				BUNDLE_LOADER = "$(TEST_HOST)";
				CODE_SIGN_STYLE = Automatic;
				INFOPLIST_FILE = computer1103Tests/Info.plist;
				LD_RUNPATH_SEARCH_PATHS = (
					"$(inherited)",
					"@executable_path/Frameworks",
					"@loader_path/Frameworks",
				);
				PRODUCT_BUNDLE_IDENTIFIER = zdb.computer1103Tests;
				PRODUCT_NAME = "$(TARGET_NAME)";
				SWIFT_VERSION = 4.2;
				TARGETED_DEVICE_FAMILY = "1,2";
				TEST_HOST = "$(BUILT_PRODUCTS_DIR)/computer1103.app/computer1103";
			};
			name = Debug;
		};
		C1821CA1218D24E300283758 /* Release */ = {
			isa = XCBuildConfiguration;
			buildSettings = {
				ALWAYS_EMBED_SWIFT_STANDARD_LIBRARIES = YES;
				BUNDLE_LOADER = "$(TEST_HOST)";
				CODE_SIGN_STYLE = Automatic;
				INFOPLIST_FILE = computer1103Tests/Info.plist;
				LD_RUNPATH_SEARCH_PATHS = (
					"$(inherited)",
					"@executable_path/Frameworks",
					"@loader_path/Frameworks",
				);
				PRODUCT_BUNDLE_IDENTIFIER = zdb.computer1103Tests;
				PRODUCT_NAME = "$(TARGET_NAME)";
				SWIFT_VERSION = 4.2;
				TARGETED_DEVICE_FAMILY = "1,2";
				TEST_HOST = "$(BUILT_PRODUCTS_DIR)/computer1103.app/computer1103";
			};
			name = Release;
		};
		C1821CA3218D24E300283758 /* Debug */ = {
			isa = XCBuildConfiguration;
			buildSettings = {
				ALWAYS_EMBED_SWIFT_STANDARD_LIBRARIES = YES;
				CODE_SIGN_STYLE = Automatic;
				INFOPLIST_FILE = computer1103UITests/Info.plist;
				LD_RUNPATH_SEARCH_PATHS = (
					"$(inherited)",
					"@executable_path/Frameworks",
					"@loader_path/Frameworks",
				);
				PRODUCT_BUNDLE_IDENTIFIER = zdb.computer1103UITests;
				PRODUCT_NAME = "$(TARGET_NAME)";
				SWIFT_VERSION = 4.2;
				TARGETED_DEVICE_FAMILY = "1,2";
				TEST_TARGET_NAME = computer1103;
			};
			name = Debug;
		};
		C1821CA4218D24E300283758 /* Release */ = {
			isa = XCBuildConfiguration;
			buildSettings = {
				ALWAYS_EMBED_SWIFT_STANDARD_LIBRARIES = YES;
				CODE_SIGN_STYLE = Automatic;
				INFOPLIST_FILE = computer1103UITests/Info.plist;
				LD_RUNPATH_SEARCH_PATHS = (
					"$(inherited)",
					"@executable_path/Frameworks",
					"@loader_path/Frameworks",
				);
				PRODUCT_BUNDLE_IDENTIFIER = zdb.computer1103UITests;
				PRODUCT_NAME = "$(TARGET_NAME)";
				SWIFT_VERSION = 4.2;
				TARGETED_DEVICE_FAMILY = "1,2";
				TEST_TARGET_NAME = computer1103;
			};
			name = Release;
		};
/* End XCBuildConfiguration section */

/* Begin XCConfigurationList section */
		C1821C6F218D24E100283758 /* Build configuration list for PBXProject "computer1103" */ = {
			isa = XCConfigurationList;
			buildConfigurations = (
				C1821C9A218D24E300283758 /* Debug */,
				C1821C9B218D24E300283758 /* Release */,
			);
			defaultConfigurationIsVisible = 0;
			defaultConfigurationName = Release;
		};
		C1821C9C218D24E300283758 /* Build configuration list for PBXNativeTarget "computer1103" */ = {
			isa = XCConfigurationList;
			buildConfigurations = (
				C1821C9D218D24E300283758 /* Debug */,
				C1821C9E218D24E300283758 /* Release */,
			);
			defaultConfigurationIsVisible = 0;
			defaultConfigurationName = Release;
		};
		C1821C9F218D24E300283758 /* Build configuration list for PBXNativeTarget "computer1103Tests" */ = {
			isa = XCConfigurationList;
			buildConfigurations = (
				C1821CA0218D24E300283758 /* Debug */,
				C1821CA1218D24E300283758 /* Release */,
			);
			defaultConfigurationIsVisible = 0;
			defaultConfigurationName = Release;
		};
		C1821CA2218D24E300283758 /* Build configuration list for PBXNativeTarget "computer1103UITests" */ = {
			isa = XCConfigurationList;
			buildConfigurations = (
				C1821CA3218D24E300283758 /* Debug */,
				C1821CA4218D24E300283758 /* Release */,
			);
			defaultConfigurationIsVisible = 0;
			defaultConfigurationName = Release;
		};
/* End XCConfigurationList section */
	};
	rootObject = C1821C6C218D24E100283758 /* Project object */;
}
